
Microsoft Visual Studio Solution File, Format Version 12.00
# Visual Studio 15
VisualStudioVersion = 15.0.27110.0
MinimumVisualStudioVersion = 10.0.40219.1
Project("{FAE04EC0-301F-11D3-BF4B-00C04F79EFBC}") = "ASPNetFx", "ASPNetFx\ASPNetFx.csproj", "{51033F37-EA64-449A-AD61-7ABFE6DF222C}"
EndProject
Project("{E53339B2-1760-4266-BCC7-CA923CBCF16C}") = "docker-compose", "docker-compose.dcproj", "{803DA902-DF67-47E0-8F4A-1DFA51A5388F}"
EndProject
Global
	GlobalSection(SolutionConfigurationPlatforms) = preSolution
		Debug|Any CPU = Debug|Any CPU
		Release|Any CPU = Release|Any CPU
	EndGlobalSection
	GlobalSection(ProjectConfigurationPlatforms) = postSolution
		{51033F37-EA64-449A-AD61-7ABFE6DF222C}.Debug|Any CPU.ActiveCfg = Debug|Any CPU
		{51033F37-EA64-449A-AD61-7ABFE6DF222C}.Debug|Any CPU.Build.0 = Debug|Any CPU
		{51033F37-EA64-449A-AD61-7ABFE6DF222C}.Release|Any CPU.ActiveCfg = Release|Any CPU
		{51033F37-EA64-449A-AD61-7ABFE6DF222C}.Release|Any CPU.Build.0 = Release|Any CPU
		{803DA902-DF67-47E0-8F4A-1DFA51A5388F}.Debug|Any CPU.ActiveCfg = Debug|Any CPU
		{803DA902-DF67-47E0-8F4A-1DFA51A5388F}.Debug|Any CPU.Build.0 = Debug|Any CPU
		{803DA902-DF67-47E0-8F4A-1DFA51A5388F}.Release|Any CPU.ActiveCfg = Release|Any CPU
		{803DA902-DF67-47E0-8F4A-1DFA51A5388F}.Release|Any CPU.Build.0 = Release|Any CPU
	EndGlobalSection
	GlobalSection(SolutionProperties) = preSolution
		HideSolutionNode = FALSE
	EndGlobalSection
	GlobalSection(ExtensibilityGlobals) = postSolution
		SolutionGuid = {CBA99CF6-F205-40FA-B2A6-CF90AAD59CFE}
	EndGlobalSection
EndGlobal
